// !$*UTF8*$!
{
	archiveVersion = 1;
	classes = {
	};
	objectVersion = 77;
	objects = {

/* Begin PBXBuildFile section */
		181656E52CB57BC1005063A9 /* FirebaseAnalytics in Frameworks */ = {isa = PBXBuildFile; productRef = 181656E42CB57BC1005063A9 /* FirebaseAnalytics */; };
		181656E72CB57BC1005063A9 /* FirebaseAuth in Frameworks */ = {isa = PBXBuildFile; productRef = 181656E62CB57BC1005063A9 /* FirebaseAuth */; };
		181656E92CB57BC1005063A9 /* FirebaseCore in Frameworks */ = {isa = PBXBuildFile; productRef = 181656E82CB57BC1005063A9 /* FirebaseCore */; };
		1839A6562CEBAE330062ED82 /* Kingfisher in Frameworks */ = {isa = PBXBuildFile; productRef = 1839A6552CEBAE330062ED82 /* Kingfisher */; };
		187F203E2CD939F7005469B5 /* FirebaseFirestore in Frameworks */ = {isa = PBXBuildFile; productRef = 187F203D2CD939F7005469B5 /* FirebaseFirestore */; };
		187F20402CD93A04005469B5 /* FirebaseStorage in Frameworks */ = {isa = PBXBuildFile; productRef = 187F203F2CD93A04005469B5 /* FirebaseStorage */; };
		188167DA2D57808F005E7785 /* GoogleService-Info.plist in Resources */ = {isa = PBXBuildFile; fileRef = 188167D92D57808F005E7785 /* GoogleService-Info.plist */; };
		188169392D58E90A005E7785 /* FirebaseMessaging in Frameworks */ = {isa = PBXBuildFile; productRef = 188169382D58E90A005E7785 /* FirebaseMessaging */; };
		18A53CDB2D81E90500A126B7 /* AnyCodable in Frameworks */ = {isa = PBXBuildFile; productRef = 18A53CDA2D81E90500A126B7 /* AnyCodable */; };
		18CBFCC32D6E33C7008C1C5D /* LaunchScreen.storyboard in Resources */ = {isa = PBXBuildFile; fileRef = 18CBFCC22D6E33C7008C1C5D /* LaunchScreen.storyboard */; };
		18E175F22CB6893E00E3CA07 /* FirebaseDatabase in Frameworks */ = {isa = PBXBuildFile; productRef = 18E175F12CB6893E00E3CA07 /* FirebaseDatabase */; };
		18E175F72CB6991A00E3CA07 /* GoogleSignIn in Frameworks */ = {isa = PBXBuildFile; productRef = 18E175F62CB6991A00E3CA07 /* GoogleSignIn */; };
		18E175F92CB6991A00E3CA07 /* GoogleSignInSwift in Frameworks */ = {isa = PBXBuildFile; productRef = 18E175F82CB6991A00E3CA07 /* GoogleSignInSwift */; };
/* End PBXBuildFile section */

/* Begin PBXContainerItemProxy section */
		18AE860B2CA6A903007448F3 /* PBXContainerItemProxy */ = {
			isa = PBXContainerItemProxy;
			containerPortal = 18AE85F22CA6A900007448F3 /* Project object */;
			proxyType = 1;
			remoteGlobalIDString = 18AE85F92CA6A900007448F3;
			remoteInfo = NightOut;
		};
		18AE86152CA6A903007448F3 /* PBXContainerItemProxy */ = {
			isa = PBXContainerItemProxy;
			containerPortal = 18AE85F22CA6A900007448F3 /* Project object */;
			proxyType = 1;
			remoteGlobalIDString = 18AE85F92CA6A900007448F3;
			remoteInfo = NightOut;
		};
/* End PBXContainerItemProxy section */

/* Begin PBXFileReference section */
		188167D92D57808F005E7785 /* GoogleService-Info.plist */ = {isa = PBXFileReference; lastKnownFileType = text.plist.xml; path = "GoogleService-Info.plist"; sourceTree = "<group>"; };
		18AE85FA2CA6A900007448F3 /* NightOut.app */ = {isa = PBXFileReference; explicitFileType = wrapper.application; includeInIndex = 0; path = NightOut.app; sourceTree = BUILT_PRODUCTS_DIR; };
		18AE860A2CA6A903007448F3 /* NightOutTests.xctest */ = {isa = PBXFileReference; explicitFileType = wrapper.cfbundle; includeInIndex = 0; path = NightOutTests.xctest; sourceTree = BUILT_PRODUCTS_DIR; };
		18AE86142CA6A903007448F3 /* NightOutUITests.xctest */ = {isa = PBXFileReference; explicitFileType = wrapper.cfbundle; includeInIndex = 0; path = NightOutUITests.xctest; sourceTree = BUILT_PRODUCTS_DIR; };
		18CBFCC22D6E33C7008C1C5D /* LaunchScreen.storyboard */ = {isa = PBXFileReference; lastKnownFileType = file.storyboard; path = LaunchScreen.storyboard; sourceTree = "<group>"; };
/* End PBXFileReference section */

/* Begin PBXFileSystemSynchronizedBuildFileExceptionSet section */
		18AE86302CA6AC29007448F3 /* Exceptions for "Tests" folder in "NightOut" target */ = {
			isa = PBXFileSystemSynchronizedBuildFileExceptionSet;
			membershipExceptions = (
				NightOutTests/NighOutFeedViewModelTests.swift,
				NightOutTests/NighOutMyUserProfileTests.swift,
				NightOutTests/NightOutTests.swift,
				NightOutUITests/NightOutUITests.swift,
				NightOutUITests/NightOutUITestsLaunchTests.swift,
			);
			target = 18AE85F92CA6A900007448F3 /* NightOut */;
		};
		18AE86312CA6AC29007448F3 /* Exceptions for "Tests" folder in "NightOutTests" target */ = {
			isa = PBXFileSystemSynchronizedBuildFileExceptionSet;
			membershipExceptions = (
				NightOutTests/NighOutFeedViewModelTests.swift,
				NightOutTests/NighOutMyUserProfileTests.swift,
				NightOutTests/NightOutTests.swift,
			);
			target = 18AE86092CA6A903007448F3 /* NightOutTests */;
		};
		18AE86322CA6AC29007448F3 /* Exceptions for "Tests" folder in "NightOutUITests" target */ = {
			isa = PBXFileSystemSynchronizedBuildFileExceptionSet;
			membershipExceptions = (
				NightOutUITests/NightOutUITests.swift,
				NightOutUITests/NightOutUITestsLaunchTests.swift,
			);
			target = 18AE86132CA6A903007448F3 /* NightOutUITests */;
		};
		18AE864A2CA6B549007448F3 /* Exceptions for "NightOut" folder in "NightOut" target */ = {
			isa = PBXFileSystemSynchronizedBuildFileExceptionSet;
			membershipExceptions = (
				Info.plist,
			);
			target = 18AE85F92CA6A900007448F3 /* NightOut */;
		};
/* End PBXFileSystemSynchronizedBuildFileExceptionSet section */

/* Begin PBXFileSystemSynchronizedRootGroup section */
		18AE85FC2CA6A900007448F3 /* NightOut */ = {
			isa = PBXFileSystemSynchronizedRootGroup;
			exceptions = (
				18AE864A2CA6B549007448F3 /* Exceptions for "NightOut" folder in "NightOut" target */,
			);
			path = NightOut;
			sourceTree = "<group>";
		};
		18AE86272CA6AC23007448F3 /* Tests */ = {
			isa = PBXFileSystemSynchronizedRootGroup;
			exceptions = (
				18AE86302CA6AC29007448F3 /* Exceptions for "Tests" folder in "NightOut" target */,
				18AE86312CA6AC29007448F3 /* Exceptions for "Tests" folder in "NightOutTests" target */,
				18AE86322CA6AC29007448F3 /* Exceptions for "Tests" folder in "NightOutUITests" target */,
			);
			path = Tests;
			sourceTree = "<group>";
		};
/* End PBXFileSystemSynchronizedRootGroup section */

/* Begin PBXFrameworksBuildPhase section */
		18AE85F72CA6A900007448F3 /* Frameworks */ = {
			isa = PBXFrameworksBuildPhase;
			buildActionMask = 2147483647;
			files = (
				18E175F72CB6991A00E3CA07 /* GoogleSignIn in Frameworks */,
				181656E52CB57BC1005063A9 /* FirebaseAnalytics in Frameworks */,
				188169392D58E90A005E7785 /* FirebaseMessaging in Frameworks */,
				181656E92CB57BC1005063A9 /* FirebaseCore in Frameworks */,
				1839A6562CEBAE330062ED82 /* Kingfisher in Frameworks */,
				18E175F92CB6991A00E3CA07 /* GoogleSignInSwift in Frameworks */,
				18A53CDB2D81E90500A126B7 /* AnyCodable in Frameworks */,
				18E175F22CB6893E00E3CA07 /* FirebaseDatabase in Frameworks */,
				187F20402CD93A04005469B5 /* FirebaseStorage in Frameworks */,
				181656E72CB57BC1005063A9 /* FirebaseAuth in Frameworks */,
				187F203E2CD939F7005469B5 /* FirebaseFirestore in Frameworks */,
			);
			runOnlyForDeploymentPostprocessing = 0;
		};
		18AE86072CA6A903007448F3 /* Frameworks */ = {
			isa = PBXFrameworksBuildPhase;
			buildActionMask = 2147483647;
			files = (
			);
			runOnlyForDeploymentPostprocessing = 0;
		};
		18AE86112CA6A903007448F3 /* Frameworks */ = {
			isa = PBXFrameworksBuildPhase;
			buildActionMask = 2147483647;
			files = (
			);
			runOnlyForDeploymentPostprocessing = 0;
		};
/* End PBXFrameworksBuildPhase section */

/* Begin PBXGroup section */
		181656E32CB57BC1005063A9 /* Frameworks */ = {
			isa = PBXGroup;
			children = (
			);
			name = Frameworks;
			sourceTree = "<group>";
		};
		18AE85F12CA6A900007448F3 = {
			isa = PBXGroup;
			children = (
				18CBFCC22D6E33C7008C1C5D /* LaunchScreen.storyboard */,
				188167D92D57808F005E7785 /* GoogleService-Info.plist */,
				18AE85FC2CA6A900007448F3 /* NightOut */,
				18AE86272CA6AC23007448F3 /* Tests */,
				181656E32CB57BC1005063A9 /* Frameworks */,
				18AE85FB2CA6A900007448F3 /* Products */,
			);
			sourceTree = "<group>";
		};
		18AE85FB2CA6A900007448F3 /* Products */ = {
			isa = PBXGroup;
			children = (
				18AE85FA2CA6A900007448F3 /* NightOut.app */,
				18AE860A2CA6A903007448F3 /* NightOutTests.xctest */,
				18AE86142CA6A903007448F3 /* NightOutUITests.xctest */,
			);
			name = Products;
			sourceTree = "<group>";
		};
/* End PBXGroup section */

/* Begin PBXNativeTarget section */
		18AE85F92CA6A900007448F3 /* NightOut */ = {
			isa = PBXNativeTarget;
			buildConfigurationList = 18AE861E2CA6A903007448F3 /* Build configuration list for PBXNativeTarget "NightOut" */;
			buildPhases = (
				18AE85F62CA6A900007448F3 /* Sources */,
				18AE85F72CA6A900007448F3 /* Frameworks */,
				18AE85F82CA6A900007448F3 /* Resources */,
			);
			buildRules = (
			);
			dependencies = (
			);
			fileSystemSynchronizedGroups = (
				18AE85FC2CA6A900007448F3 /* NightOut */,
				18AE86272CA6AC23007448F3 /* Tests */,
			);
			name = NightOut;
			packageProductDependencies = (
				181656E42CB57BC1005063A9 /* FirebaseAnalytics */,
				181656E62CB57BC1005063A9 /* FirebaseAuth */,
				181656E82CB57BC1005063A9 /* FirebaseCore */,
				18E175F12CB6893E00E3CA07 /* FirebaseDatabase */,
				18E175F62CB6991A00E3CA07 /* GoogleSignIn */,
				18E175F82CB6991A00E3CA07 /* GoogleSignInSwift */,
				187F203D2CD939F7005469B5 /* FirebaseFirestore */,
				187F203F2CD93A04005469B5 /* FirebaseStorage */,
				1839A6552CEBAE330062ED82 /* Kingfisher */,
				188169382D58E90A005E7785 /* FirebaseMessaging */,
				18A53CDA2D81E90500A126B7 /* AnyCodable */,
			);
			productName = NightOut;
			productReference = 18AE85FA2CA6A900007448F3 /* NightOut.app */;
			productType = "com.apple.product-type.application";
		};
		18AE86092CA6A903007448F3 /* NightOutTests */ = {
			isa = PBXNativeTarget;
			buildConfigurationList = 18AE86212CA6A903007448F3 /* Build configuration list for PBXNativeTarget "NightOutTests" */;
			buildPhases = (
				18AE86062CA6A903007448F3 /* Sources */,
				18AE86072CA6A903007448F3 /* Frameworks */,
				18AE86082CA6A903007448F3 /* Resources */,
			);
			buildRules = (
			);
			dependencies = (
				18AE860C2CA6A903007448F3 /* PBXTargetDependency */,
			);
			name = NightOutTests;
			packageProductDependencies = (
			);
			productName = NightOutTests;
			productReference = 18AE860A2CA6A903007448F3 /* NightOutTests.xctest */;
			productType = "com.apple.product-type.bundle.unit-test";
		};
		18AE86132CA6A903007448F3 /* NightOutUITests */ = {
			isa = PBXNativeTarget;
			buildConfigurationList = 18AE86242CA6A903007448F3 /* Build configuration list for PBXNativeTarget "NightOutUITests" */;
			buildPhases = (
				18AE86102CA6A903007448F3 /* Sources */,
				18AE86112CA6A903007448F3 /* Frameworks */,
				18AE86122CA6A903007448F3 /* Resources */,
			);
			buildRules = (
			);
			dependencies = (
				18AE86162CA6A903007448F3 /* PBXTargetDependency */,
			);
			name = NightOutUITests;
			packageProductDependencies = (
			);
			productName = NightOutUITests;
			productReference = 18AE86142CA6A903007448F3 /* NightOutUITests.xctest */;
			productType = "com.apple.product-type.bundle.ui-testing";
		};
/* End PBXNativeTarget section */

/* Begin PBXProject section */
		18AE85F22CA6A900007448F3 /* Project object */ = {
			isa = PBXProject;
			attributes = {
				BuildIndependentTargetsInParallel = 1;
				LastSwiftUpdateCheck = 1600;
				LastUpgradeCheck = 1600;
				TargetAttributes = {
					18AE85F92CA6A900007448F3 = {
						CreatedOnToolsVersion = 16.0;
					};
					18AE86092CA6A903007448F3 = {
						CreatedOnToolsVersion = 16.0;
						TestTargetID = 18AE85F92CA6A900007448F3;
					};
					18AE86132CA6A903007448F3 = {
						CreatedOnToolsVersion = 16.0;
						TestTargetID = 18AE85F92CA6A900007448F3;
					};
				};
			};
			buildConfigurationList = 18AE85F52CA6A900007448F3 /* Build configuration list for PBXProject "NightOut" */;
			developmentRegion = en;
			hasScannedForEncodings = 0;
			knownRegions = (
				en,
				Base,
			);
			mainGroup = 18AE85F12CA6A900007448F3;
			minimizedProjectReferenceProxies = 1;
			packageReferences = (
				181656062CB579C6005063A9 /* XCRemoteSwiftPackageReference "firebase-ios-sdk" */,
				18E175F52CB6990400E3CA07 /* XCRemoteSwiftPackageReference "GoogleSignIn-iOS" */,
				1839A6542CEBADB00062ED82 /* XCRemoteSwiftPackageReference "Kingfisher" */,
				18A53CD92D81E81600A126B7 /* XCRemoteSwiftPackageReference "AnyCodable" */,
			);
			preferredProjectObjectVersion = 77;
			productRefGroup = 18AE85FB2CA6A900007448F3 /* Products */;
			projectDirPath = "";
			projectRoot = "";
			targets = (
				18AE85F92CA6A900007448F3 /* NightOut */,
				18AE86092CA6A903007448F3 /* NightOutTests */,
				18AE86132CA6A903007448F3 /* NightOutUITests */,
			);
		};
/* End PBXProject section */

/* Begin PBXResourcesBuildPhase section */
		18AE85F82CA6A900007448F3 /* Resources */ = {
			isa = PBXResourcesBuildPhase;
			buildActionMask = 2147483647;
			files = (
				188167DA2D57808F005E7785 /* GoogleService-Info.plist in Resources */,
				18CBFCC32D6E33C7008C1C5D /* LaunchScreen.storyboard in Resources */,
			);
			runOnlyForDeploymentPostprocessing = 0;
		};
		18AE86082CA6A903007448F3 /* Resources */ = {
			isa = PBXResourcesBuildPhase;
			buildActionMask = 2147483647;
			files = (
			);
			runOnlyForDeploymentPostprocessing = 0;
		};
		18AE86122CA6A903007448F3 /* Resources */ = {
			isa = PBXResourcesBuildPhase;
			buildActionMask = 2147483647;
			files = (
			);
			runOnlyForDeploymentPostprocessing = 0;
		};
/* End PBXResourcesBuildPhase section */

/* Begin PBXSourcesBuildPhase section */
		18AE85F62CA6A900007448F3 /* Sources */ = {
			isa = PBXSourcesBuildPhase;
			buildActionMask = 2147483647;
			files = (
			);
			runOnlyForDeploymentPostprocessing = 0;
		};
		18AE86062CA6A903007448F3 /* Sources */ = {
			isa = PBXSourcesBuildPhase;
			buildActionMask = 2147483647;
			files = (
			);
			runOnlyForDeploymentPostprocessing = 0;
		};
		18AE86102CA6A903007448F3 /* Sources */ = {
			isa = PBXSourcesBuildPhase;
			buildActionMask = 2147483647;
			files = (
			);
			runOnlyForDeploymentPostprocessing = 0;
		};
/* End PBXSourcesBuildPhase section */

/* Begin PBXTargetDependency section */
		18AE860C2CA6A903007448F3 /* PBXTargetDependency */ = {
			isa = PBXTargetDependency;
			target = 18AE85F92CA6A900007448F3 /* NightOut */;
			targetProxy = 18AE860B2CA6A903007448F3 /* PBXContainerItemProxy */;
		};
		18AE86162CA6A903007448F3 /* PBXTargetDependency */ = {
			isa = PBXTargetDependency;
			target = 18AE85F92CA6A900007448F3 /* NightOut */;
			targetProxy = 18AE86152CA6A903007448F3 /* PBXContainerItemProxy */;
		};
/* End PBXTargetDependency section */

/* Begin XCBuildConfiguration section */
		18AE861C2CA6A903007448F3 /* Debug */ = {
			isa = XCBuildConfiguration;
			buildSettings = {
				ALWAYS_SEARCH_USER_PATHS = NO;
				ASSETCATALOG_COMPILER_GENERATE_SWIFT_ASSET_SYMBOL_EXTENSIONS = YES;
				CLANG_ANALYZER_NONNULL = YES;
				CLANG_ANALYZER_NUMBER_OBJECT_CONVERSION = YES_AGGRESSIVE;
				CLANG_CXX_LANGUAGE_STANDARD = "gnu++20";
				CLANG_ENABLE_MODULES = YES;
				CLANG_ENABLE_OBJC_ARC = YES;
				CLANG_ENABLE_OBJC_WEAK = YES;
				CLANG_WARN_BLOCK_CAPTURE_AUTORELEASING = YES;
				CLANG_WARN_BOOL_CONVERSION = YES;
				CLANG_WARN_COMMA = YES;
				CLANG_WARN_CONSTANT_CONVERSION = YES;
				CLANG_WARN_DEPRECATED_OBJC_IMPLEMENTATIONS = YES;
				CLANG_WARN_DIRECT_OBJC_ISA_USAGE = YES_ERROR;
				CLANG_WARN_DOCUMENTATION_COMMENTS = YES;
				CLANG_WARN_EMPTY_BODY = YES;
				CLANG_WARN_ENUM_CONVERSION = YES;
				CLANG_WARN_INFINITE_RECURSION = YES;
				CLANG_WARN_INT_CONVERSION = YES;
				CLANG_WARN_NON_LITERAL_NULL_CONVERSION = YES;
				CLANG_WARN_OBJC_IMPLICIT_RETAIN_SELF = YES;
				CLANG_WARN_OBJC_LITERAL_CONVERSION = YES;
				CLANG_WARN_OBJC_ROOT_CLASS = YES_ERROR;
				CLANG_WARN_QUOTED_INCLUDE_IN_FRAMEWORK_HEADER = YES;
				CLANG_WARN_RANGE_LOOP_ANALYSIS = YES;
				CLANG_WARN_STRICT_PROTOTYPES = YES;
				CLANG_WARN_SUSPICIOUS_MOVE = YES;
				CLANG_WARN_UNGUARDED_AVAILABILITY = YES_AGGRESSIVE;
				CLANG_WARN_UNREACHABLE_CODE = YES;
				CLANG_WARN__DUPLICATE_METHOD_MATCH = YES;
				COPY_PHASE_STRIP = NO;
				DEBUG_INFORMATION_FORMAT = dwarf;
				ENABLE_STRICT_OBJC_MSGSEND = YES;
				ENABLE_TESTABILITY = YES;
				ENABLE_USER_SCRIPT_SANDBOXING = YES;
				GCC_C_LANGUAGE_STANDARD = gnu17;
				GCC_DYNAMIC_NO_PIC = NO;
				GCC_NO_COMMON_BLOCKS = YES;
				GCC_OPTIMIZATION_LEVEL = 0;
				GCC_PREPROCESSOR_DEFINITIONS = (
					"DEBUG=1",
					"$(inherited)",
				);
				GCC_WARN_64_TO_32_BIT_CONVERSION = YES;
				GCC_WARN_ABOUT_RETURN_TYPE = YES_ERROR;
				GCC_WARN_UNDECLARED_SELECTOR = YES;
				GCC_WARN_UNINITIALIZED_AUTOS = YES_AGGRESSIVE;
				GCC_WARN_UNUSED_FUNCTION = YES;
				GCC_WARN_UNUSED_VARIABLE = YES;
				IPHONEOS_DEPLOYMENT_TARGET = 18.0;
				LOCALIZATION_PREFERS_STRING_CATALOGS = YES;
				MTL_ENABLE_DEBUG_INFO = INCLUDE_SOURCE;
				MTL_FAST_MATH = YES;
				ONLY_ACTIVE_ARCH = YES;
				SDKROOT = iphoneos;
				SWIFT_ACTIVE_COMPILATION_CONDITIONS = "DEBUG $(inherited)";
				SWIFT_OPTIMIZATION_LEVEL = "-Onone";
			};
			name = Debug;
		};
		18AE861D2CA6A903007448F3 /* Release */ = {
			isa = XCBuildConfiguration;
			buildSettings = {
				ALWAYS_SEARCH_USER_PATHS = NO;
				ASSETCATALOG_COMPILER_GENERATE_SWIFT_ASSET_SYMBOL_EXTENSIONS = YES;
				CLANG_ANALYZER_NONNULL = YES;
				CLANG_ANALYZER_NUMBER_OBJECT_CONVERSION = YES_AGGRESSIVE;
				CLANG_CXX_LANGUAGE_STANDARD = "gnu++20";
				CLANG_ENABLE_MODULES = YES;
				CLANG_ENABLE_OBJC_ARC = YES;
				CLANG_ENABLE_OBJC_WEAK = YES;
				CLANG_WARN_BLOCK_CAPTURE_AUTORELEASING = YES;
				CLANG_WARN_BOOL_CONVERSION = YES;
				CLANG_WARN_COMMA = YES;
				CLANG_WARN_CONSTANT_CONVERSION = YES;
				CLANG_WARN_DEPRECATED_OBJC_IMPLEMENTATIONS = YES;
				CLANG_WARN_DIRECT_OBJC_ISA_USAGE = YES_ERROR;
				CLANG_WARN_DOCUMENTATION_COMMENTS = YES;
				CLANG_WARN_EMPTY_BODY = YES;
				CLANG_WARN_ENUM_CONVERSION = YES;
				CLANG_WARN_INFINITE_RECURSION = YES;
				CLANG_WARN_INT_CONVERSION = YES;
				CLANG_WARN_NON_LITERAL_NULL_CONVERSION = YES;
				CLANG_WARN_OBJC_IMPLICIT_RETAIN_SELF = YES;
				CLANG_WARN_OBJC_LITERAL_CONVERSION = YES;
				CLANG_WARN_OBJC_ROOT_CLASS = YES_ERROR;
				CLANG_WARN_QUOTED_INCLUDE_IN_FRAMEWORK_HEADER = YES;
				CLANG_WARN_RANGE_LOOP_ANALYSIS = YES;
				CLANG_WARN_STRICT_PROTOTYPES = YES;
				CLANG_WARN_SUSPICIOUS_MOVE = YES;
				CLANG_WARN_UNGUARDED_AVAILABILITY = YES_AGGRESSIVE;
				CLANG_WARN_UNREACHABLE_CODE = YES;
				CLANG_WARN__DUPLICATE_METHOD_MATCH = YES;
				COPY_PHASE_STRIP = NO;
				DEBUG_INFORMATION_FORMAT = "dwarf-with-dsym";
				ENABLE_NS_ASSERTIONS = NO;
				ENABLE_STRICT_OBJC_MSGSEND = YES;
				ENABLE_USER_SCRIPT_SANDBOXING = YES;
				GCC_C_LANGUAGE_STANDARD = gnu17;
				GCC_NO_COMMON_BLOCKS = YES;
				GCC_WARN_64_TO_32_BIT_CONVERSION = YES;
				GCC_WARN_ABOUT_RETURN_TYPE = YES_ERROR;
				GCC_WARN_UNDECLARED_SELECTOR = YES;
				GCC_WARN_UNINITIALIZED_AUTOS = YES_AGGRESSIVE;
				GCC_WARN_UNUSED_FUNCTION = YES;
				GCC_WARN_UNUSED_VARIABLE = YES;
				IPHONEOS_DEPLOYMENT_TARGET = 18.0;
				LOCALIZATION_PREFERS_STRING_CATALOGS = YES;
				MTL_ENABLE_DEBUG_INFO = NO;
				MTL_FAST_MATH = YES;
				SDKROOT = iphoneos;
				SWIFT_COMPILATION_MODE = wholemodule;
				VALIDATE_PRODUCT = YES;
			};
			name = Release;
		};
		18AE861F2CA6A903007448F3 /* Debug */ = {
			isa = XCBuildConfiguration;
			buildSettings = {
				ASSETCATALOG_COMPILER_APPICON_NAME = AppIcon;
				ASSETCATALOG_COMPILER_GLOBAL_ACCENT_COLOR_NAME = AccentColor;
				CODE_SIGN_ENTITLEMENTS = NightOut/NightOut.entitlements;
				CODE_SIGN_STYLE = Automatic;
				CURRENT_PROJECT_VERSION = 1;
				DEVELOPMENT_ASSET_PATHS = "\"NightOut/Preview Content\"";
				DEVELOPMENT_TEAM = 4QM99W37M3;
				ENABLE_PREVIEWS = YES;
				GENERATE_INFOPLIST_FILE = YES;
				INFOPLIST_FILE = NightOut/Info.plist;
				INFOPLIST_KEY_CFBundleDisplayName = NightOut;
				INFOPLIST_KEY_LSApplicationCategoryType = "public.app-category.entertainment";
				INFOPLIST_KEY_NSCameraUsageDescription = "Se necesita acceso a la cámara para capturar fotos";
				INFOPLIST_KEY_NSLocationWhenInUseUsageDescription = "We need your location to show nearby discotecas";
				INFOPLIST_KEY_NSPhotoLibraryUsageDescription = "Necesitamos acceso a tu galería.";
				INFOPLIST_KEY_UIApplicationSceneManifest_Generation = YES;
				INFOPLIST_KEY_UIApplicationSupportsIndirectInputEvents = YES;
				INFOPLIST_KEY_UILaunchScreen_Generation = YES;
				INFOPLIST_KEY_UILaunchStoryboardName = LaunchScreen;
				INFOPLIST_KEY_UIStatusBarHidden = YES;
				INFOPLIST_KEY_UIStatusBarStyle = "";
				INFOPLIST_KEY_UISupportedInterfaceOrientations = UIInterfaceOrientationPortrait;
				INFOPLIST_KEY_UISupportedInterfaceOrientations_iPad = "UIInterfaceOrientationLandscapeLeft UIInterfaceOrientationLandscapeRight UIInterfaceOrientationPortrait UIInterfaceOrientationPortraitUpsideDown";
				IPHONEOS_DEPLOYMENT_TARGET = 17.6;
				LD_RUNPATH_SEARCH_PATHS = (
					"$(inherited)",
					"@executable_path/Frameworks",
				);
				MARKETING_VERSION = 1.0;
				PRODUCT_BUNDLE_IDENTIFIER = "com.night-out.NightOut";
				PRODUCT_NAME = "$(TARGET_NAME)";
				SUPPORTED_PLATFORMS = "iphoneos iphonesimulator";
				SUPPORTS_MACCATALYST = NO;
				SUPPORTS_MAC_DESIGNED_FOR_IPHONE_IPAD = NO;
				SUPPORTS_XR_DESIGNED_FOR_IPHONE_IPAD = NO;
				SWIFT_EMIT_LOC_STRINGS = YES;
				SWIFT_VERSION = 5.0;
				TARGETED_DEVICE_FAMILY = 1;
			};
			name = Debug;
		};
		18AE86202CA6A903007448F3 /* Release */ = {
			isa = XCBuildConfiguration;
			buildSettings = {
				ASSETCATALOG_COMPILER_APPICON_NAME = AppIcon;
				ASSETCATALOG_COMPILER_GLOBAL_ACCENT_COLOR_NAME = AccentColor;
				CODE_SIGN_ENTITLEMENTS = NightOut/NightOut.entitlements;
				CODE_SIGN_STYLE = Automatic;
				CURRENT_PROJECT_VERSION = 1;
				DEVELOPMENT_ASSET_PATHS = "\"NightOut/Preview Content\"";
				DEVELOPMENT_TEAM = 4QM99W37M3;
				ENABLE_PREVIEWS = YES;
				GENERATE_INFOPLIST_FILE = YES;
				INFOPLIST_FILE = NightOut/Info.plist;
				INFOPLIST_KEY_CFBundleDisplayName = NightOut;
				INFOPLIST_KEY_LSApplicationCategoryType = "public.app-category.entertainment";
				INFOPLIST_KEY_NSCameraUsageDescription = "Se necesita acceso a la cámara para capturar fotos";
				INFOPLIST_KEY_NSLocationWhenInUseUsageDescription = "We need your location to show nearby discotecas";
				INFOPLIST_KEY_NSPhotoLibraryUsageDescription = "Necesitamos acceso a tu galería.";
				INFOPLIST_KEY_UIApplicationSceneManifest_Generation = YES;
				INFOPLIST_KEY_UIApplicationSupportsIndirectInputEvents = YES;
				INFOPLIST_KEY_UILaunchScreen_Generation = YES;
				INFOPLIST_KEY_UILaunchStoryboardName = LaunchScreen;
				INFOPLIST_KEY_UIStatusBarHidden = YES;
				INFOPLIST_KEY_UIStatusBarStyle = "";
				INFOPLIST_KEY_UISupportedInterfaceOrientations = UIInterfaceOrientationPortrait;
				INFOPLIST_KEY_UISupportedInterfaceOrientations_iPad = "UIInterfaceOrientationLandscapeLeft UIInterfaceOrientationLandscapeRight UIInterfaceOrientationPortrait UIInterfaceOrientationPortraitUpsideDown";
				IPHONEOS_DEPLOYMENT_TARGET = 17.6;
				LD_RUNPATH_SEARCH_PATHS = (
					"$(inherited)",
					"@executable_path/Frameworks",
				);
				MARKETING_VERSION = 1.0;
				PRODUCT_BUNDLE_IDENTIFIER = "com.night-out.NightOut";
				PRODUCT_NAME = "$(TARGET_NAME)";
				SUPPORTED_PLATFORMS = "iphoneos iphonesimulator";
				SUPPORTS_MACCATALYST = NO;
				SUPPORTS_MAC_DESIGNED_FOR_IPHONE_IPAD = NO;
				SUPPORTS_XR_DESIGNED_FOR_IPHONE_IPAD = NO;
				SWIFT_EMIT_LOC_STRINGS = YES;
				SWIFT_VERSION = 5.0;
				TARGETED_DEVICE_FAMILY = 1;
			};
			name = Release;
		};
		18AE86222CA6A903007448F3 /* Debug */ = {
			isa = XCBuildConfiguration;
			buildSettings = {
				BUNDLE_LOADER = "$(TEST_HOST)";
				CODE_SIGN_STYLE = Automatic;
				CURRENT_PROJECT_VERSION = 1;
				DEVELOPMENT_TEAM = 4QM99W37M3;
				GENERATE_INFOPLIST_FILE = YES;
				IPHONEOS_DEPLOYMENT_TARGET = 18.0;
				MARKETING_VERSION = 1.0;
				PRODUCT_BUNDLE_IDENTIFIER = com.NightOut.NightOutTests;
				PRODUCT_NAME = "$(TARGET_NAME)";
				SWIFT_EMIT_LOC_STRINGS = NO;
				SWIFT_VERSION = 5.0;
				TARGETED_DEVICE_FAMILY = "1,2";
				TEST_HOST = "$(BUILT_PRODUCTS_DIR)/NightOut.app/$(BUNDLE_EXECUTABLE_FOLDER_PATH)/NightOut";
			};
			name = Debug;
		};
		18AE86232CA6A903007448F3 /* Release */ = {
			isa = XCBuildConfiguration;
			buildSettings = {
				BUNDLE_LOADER = "$(TEST_HOST)";
				CODE_SIGN_STYLE = Automatic;
				CURRENT_PROJECT_VERSION = 1;
				DEVELOPMENT_TEAM = 4QM99W37M3;
				GENERATE_INFOPLIST_FILE = YES;
				IPHONEOS_DEPLOYMENT_TARGET = 18.0;
				MARKETING_VERSION = 1.0;
				PRODUCT_BUNDLE_IDENTIFIER = com.NightOut.NightOutTests;
				PRODUCT_NAME = "$(TARGET_NAME)";
				SWIFT_EMIT_LOC_STRINGS = NO;
				SWIFT_VERSION = 5.0;
				TARGETED_DEVICE_FAMILY = "1,2";
				TEST_HOST = "$(BUILT_PRODUCTS_DIR)/NightOut.app/$(BUNDLE_EXECUTABLE_FOLDER_PATH)/NightOut";
			};
			name = Release;
		};
		18AE86252CA6A903007448F3 /* Debug */ = {
			isa = XCBuildConfiguration;
			buildSettings = {
				CODE_SIGN_STYLE = Automatic;
				CURRENT_PROJECT_VERSION = 1;
				DEVELOPMENT_TEAM = 4QM99W37M3;
				GENERATE_INFOPLIST_FILE = YES;
				MARKETING_VERSION = 1.0;
				PRODUCT_BUNDLE_IDENTIFIER = com.NightOut.NightOutUITests;
				PRODUCT_NAME = "$(TARGET_NAME)";
				SWIFT_EMIT_LOC_STRINGS = NO;
				SWIFT_VERSION = 5.0;
				TARGETED_DEVICE_FAMILY = "1,2";
				TEST_TARGET_NAME = NightOut;
			};
			name = Debug;
		};
		18AE86262CA6A903007448F3 /* Release */ = {
			isa = XCBuildConfiguration;
			buildSettings = {
				CODE_SIGN_STYLE = Automatic;
				CURRENT_PROJECT_VERSION = 1;
				DEVELOPMENT_TEAM = 4QM99W37M3;
				GENERATE_INFOPLIST_FILE = YES;
				MARKETING_VERSION = 1.0;
				PRODUCT_BUNDLE_IDENTIFIER = com.NightOut.NightOutUITests;
				PRODUCT_NAME = "$(TARGET_NAME)";
				SWIFT_EMIT_LOC_STRINGS = NO;
				SWIFT_VERSION = 5.0;
				TARGETED_DEVICE_FAMILY = "1,2";
				TEST_TARGET_NAME = NightOut;
			};
			name = Release;
		};
/* End XCBuildConfiguration section */

/* Begin XCConfigurationList section */
		18AE85F52CA6A900007448F3 /* Build configuration list for PBXProject "NightOut" */ = {
			isa = XCConfigurationList;
			buildConfigurations = (
				18AE861C2CA6A903007448F3 /* Debug */,
				18AE861D2CA6A903007448F3 /* Release */,
			);
			defaultConfigurationIsVisible = 0;
			defaultConfigurationName = Release;
		};
		18AE861E2CA6A903007448F3 /* Build configuration list for PBXNativeTarget "NightOut" */ = {
			isa = XCConfigurationList;
			buildConfigurations = (
				18AE861F2CA6A903007448F3 /* Debug */,
				18AE86202CA6A903007448F3 /* Release */,
			);
			defaultConfigurationIsVisible = 0;
			defaultConfigurationName = Release;
		};
		18AE86212CA6A903007448F3 /* Build configuration list for PBXNativeTarget "NightOutTests" */ = {
			isa = XCConfigurationList;
			buildConfigurations = (
				18AE86222CA6A903007448F3 /* Debug */,
				18AE86232CA6A903007448F3 /* Release */,
			);
			defaultConfigurationIsVisible = 0;
			defaultConfigurationName = Release;
		};
		18AE86242CA6A903007448F3 /* Build configuration list for PBXNativeTarget "NightOutUITests" */ = {
			isa = XCConfigurationList;
			buildConfigurations = (
				18AE86252CA6A903007448F3 /* Debug */,
				18AE86262CA6A903007448F3 /* Release */,
			);
			defaultConfigurationIsVisible = 0;
			defaultConfigurationName = Release;
		};
/* End XCConfigurationList section */

/* Begin XCRemoteSwiftPackageReference section */
		181656062CB579C6005063A9 /* XCRemoteSwiftPackageReference "firebase-ios-sdk" */ = {
			isa = XCRemoteSwiftPackageReference;
			repositoryURL = "https://github.com/firebase/firebase-ios-sdk";
			requirement = {
				kind = upToNextMajorVersion;
				minimumVersion = 11.3.0;
			};
		};
		1839A6542CEBADB00062ED82 /* XCRemoteSwiftPackageReference "Kingfisher" */ = {
			isa = XCRemoteSwiftPackageReference;
			repositoryURL = "https://github.com/onevcat/Kingfisher.git";
			requirement = {
				kind = exactVersion;
				version = 8.1.0;
			};
		};
		18A53CD92D81E81600A126B7 /* XCRemoteSwiftPackageReference "AnyCodable" */ = {
			isa = XCRemoteSwiftPackageReference;
			repositoryURL = "https://github.com/Flight-School/AnyCodable.git";
			requirement = {
				kind = exactVersion;
				version = 0.2.1;
			};
		};
		18E175F52CB6990400E3CA07 /* XCRemoteSwiftPackageReference "GoogleSignIn-iOS" */ = {
			isa = XCRemoteSwiftPackageReference;
			repositoryURL = "https://github.com/google/GoogleSignIn-iOS";
			requirement = {
				kind = exactVersion;
				version = 8.0.0;
			};
		};
/* End XCRemoteSwiftPackageReference section */

/* Begin XCSwiftPackageProductDependency section */
		181656E42CB57BC1005063A9 /* FirebaseAnalytics */ = {
			isa = XCSwiftPackageProductDependency;
			package = 181656062CB579C6005063A9 /* XCRemoteSwiftPackageReference "firebase-ios-sdk" */;
			productName = FirebaseAnalytics;
		};
		181656E62CB57BC1005063A9 /* FirebaseAuth */ = {
			isa = XCSwiftPackageProductDependency;
			package = 181656062CB579C6005063A9 /* XCRemoteSwiftPackageReference "firebase-ios-sdk" */;
			productName = FirebaseAuth;
		};
		181656E82CB57BC1005063A9 /* FirebaseCore */ = {
			isa = XCSwiftPackageProductDependency;
			package = 181656062CB579C6005063A9 /* XCRemoteSwiftPackageReference "firebase-ios-sdk" */;
			productName = FirebaseCore;
		};
		1839A6552CEBAE330062ED82 /* Kingfisher */ = {
			isa = XCSwiftPackageProductDependency;
			package = 1839A6542CEBADB00062ED82 /* XCRemoteSwiftPackageReference "Kingfisher" */;
			productName = Kingfisher;
		};
		187F203D2CD939F7005469B5 /* FirebaseFirestore */ = {
			isa = XCSwiftPackageProductDependency;
			package = 181656062CB579C6005063A9 /* XCRemoteSwiftPackageReference "firebase-ios-sdk" */;
			productName = FirebaseFirestore;
		};
		187F203F2CD93A04005469B5 /* FirebaseStorage */ = {
			isa = XCSwiftPackageProductDependency;
			package = 181656062CB579C6005063A9 /* XCRemoteSwiftPackageReference "firebase-ios-sdk" */;
			productName = FirebaseStorage;
		};
		188169382D58E90A005E7785 /* FirebaseMessaging */ = {
			isa = XCSwiftPackageProductDependency;
			package = 181656062CB579C6005063A9 /* XCRemoteSwiftPackageReference "firebase-ios-sdk" */;
			productName = FirebaseMessaging;
		};
		18A53CDA2D81E90500A126B7 /* AnyCodable */ = {
			isa = XCSwiftPackageProductDependency;
			package = 18A53CD92D81E81600A126B7 /* XCRemoteSwiftPackageReference "AnyCodable" */;
			productName = AnyCodable;
		};
		18E175F12CB6893E00E3CA07 /* FirebaseDatabase */ = {
			isa = XCSwiftPackageProductDependency;
			package = 181656062CB579C6005063A9 /* XCRemoteSwiftPackageReference "firebase-ios-sdk" */;
			productName = FirebaseDatabase;
		};
		18E175F62CB6991A00E3CA07 /* GoogleSignIn */ = {
			isa = XCSwiftPackageProductDependency;
			package = 18E175F52CB6990400E3CA07 /* XCRemoteSwiftPackageReference "GoogleSignIn-iOS" */;
			productName = GoogleSignIn;
		};
		18E175F82CB6991A00E3CA07 /* GoogleSignInSwift */ = {
			isa = XCSwiftPackageProductDependency;
			package = 18E175F52CB6990400E3CA07 /* XCRemoteSwiftPackageReference "GoogleSignIn-iOS" */;
			productName = GoogleSignInSwift;
		};
/* End XCSwiftPackageProductDependency section */
	};
	rootObject = 18AE85F22CA6A900007448F3 /* Project object */;
}
